{
  "name": "application-typescript",
  "version": "1.0.0",
  "lockfileVersion": 3,
  "requires": true,
  "packages": {
    "": {
      "name": "application-typescript",
      "version": "1.0.0",
      "license": "MIT",
      "devDependencies": {
        "@types/lodash": "^4.17.16",
        "htm": "3.1.1",
        "preact": "10.24.3",
        "typescript": "5.7"
      },
      "engines": {
        "browser": "*"
      }
    },
    "node_modules/@types/lodash": {
      "version": "4.17.24",
      "resolved": "https://registry.npmjs.org/@types/lodash/-/lodash-4.17.24.tgz",
      "integrity": "sha512-gIW7lQLZbue7lRSWEFql49QJJWThrTFFeIMJdp3eH4tKoxm1OvEPg02rm4wCCSHS0cL3/Fizimb35b7k8atwsQ==",
      "dev": true,
      "license": "MIT"
    },
    "node_modules/htm": {
      "version": "3.1.1",
      "resolved": "https://registry.npmjs.org/htm/-/htm-3.1.1.tgz",
      "integrity": "sha512-983Vyg8NwUE7JkZ6NmOqpCZ+sh1bKv2iYTlUkzlWmA5JD2acKoxd4KVxbMmxX/85mtfdnDmTFoNKcg5DGAvxNQ==",
      "dev": true,
      "license": "Apache-2.0"
    },
    "node_modules/preact": {
      "version": "10.24.3",
      "resolved": "https://registry.npmjs.org/preact/-/preact-10.24.3.tgz",
      "integrity": "sha512-Z2dPnBnMUfyQfSQ+GBdsGa16hz35YmLmtTLhM169uW944hYL6xzTYkJjC07j+Wosz733pMWx0fgON3JNw1jJQA==",
      "dev": true,
      "license": "MIT",
      "funding": {
        "type": "opencollective",
        "url": "https://opencollective.com/preact"
      }
    },
    "node_modules/typescript": {
      "version": "5.7.3",
      "resolved": "https://registry.npmjs.org/typescript/-/typescript-5.7.3.tgz",
      "integrity": "sha512-84MVSjMEHP+FQRPy3pX9sTVV/INIex71s9TL2Gm5FG/WG1SqXeKyZ0k7/blY/4FdOzI12CBy1vGc4og/eus0fw==",
      "dev": true,
      "license": "Apache-2.0",
      "bin": {
        "tsc": "bin/tsc",
        "tsserver": "bin/tsserver"
      },
      "engines": {
        "node": ">=14.17"
      }
    }
  }
}
